# Hashes of the files a campaign must not edit. Verified by
# `python tools/drift.py`; regenerated by `--write` IN THE TEMPLATE ONLY.
# A campaign clone that regenerates this file has silenced the alarm
# rather than answered it.

10ffa1a671c0b03a3be752fedccf864af0ff67ffc539735ae666320cc57d5082  css/reset.css
92f21dd184cafbc680cdea30ef5ff94b38458da022d2c0f21013029c43a07f93  css/tokens.css
38d23890e308b4fb903194b092b146e68af16fdbcf0cd69d2a236d76d2f44ba6  css/shell.css
947cc8e5fcab26b0ed1856ba3fc8a2e01ac066ca5d38619de76cc721d3afcabe  css/form.css
c601fda5296d3de8adfdd30dcebc3f7d053ab5a0d7cc2ee8817f8bbb2af4b27a  css/stage.css
41d3c1606fdbf26122b89554595e0d15a7e6c37f647949389d763d211d6ffc86  css/fold.css
d80d9a09dfc951c19cf128ea65d5237139700245199ae6f21bc084cdd03e2c78  js/strings.js
fdc8e9cf221b09d15ced98dc7b2b7a5c0448b0969ddb0e0767a277081a406bef  js/i18n.js
c37dcb8e0c2d4f5f0047536f34ba93064b44ceb8b8f7d4fc7292949bad65d23c  js/form.js
e853e7eeb1d53862e8a8ff78de059dc08476426d006df8b9e4f0e0caf4e0f0dc  js/audio.js
3776651aa8e5519bab1ba77cea6496375f9cab2b4727d290d29bcc32f91f0452  js/shell.js
96208e7cbd1972dc333ce518ed56af165cfe06ddd176f0a19e0927d9c075d654  js/platform.js
07635f8b7377f69dd25951cd8c5dc6212197b8ddb70e59dfb97a66798a1b2546  tools/drift.py
9a87d39f0acc7128c9e2666dc7cca9ba2cd341720b408e23f53deaec2e821ef2  tools/tokens.py
fb13ba10aa725260c2e77d54126210901201aae045f5fa178352a53b14fa988b  tools/smoke.py
2fe1f5ba60730741f62e0b7f690b4de8d7c340402c7a7391f9685ce204e510e9  tools/fonts.py
72443514a672e197e686789bdff70833a9a144cd5b05e11803395e895cce22cd  tools/platform_stub.py
9f8b36185647808d10cea3f398c0229f79ef8022d230effdbd5fede3b19e91b0  tools/platform_test.py
6fb45b123ea4e63ad3c29b9837395f263a5c1c8f57a2a11b918c3a5e79719b0b  .github/workflows/pages.yml
