# Hashes of the files a campaign must not edit. Verified by
# `python tools/drift.py`; regenerated by `--write` IN THE TEMPLATE ONLY.
# A campaign clone that regenerates this file has silenced the alarm
# rather than answered it.

f904383833fd9dfc7246684eedb82d89d123f4e4efc09a7e46ca3cb1dc8fe00f  css/reset.css
92f21dd184cafbc680cdea30ef5ff94b38458da022d2c0f21013029c43a07f93  css/tokens.css
2f3755cdd4ff3eba74e6f45795bd9edb95ef8a184d2c6e9a175dd684dc3c9528  css/shell.css
137b172218b4f2e3b109209dffa1bf17fb9ee529fc1592b1cc25535b7ee85406  css/form.css
c601fda5296d3de8adfdd30dcebc3f7d053ab5a0d7cc2ee8817f8bbb2af4b27a  css/stage.css
d80d9a09dfc951c19cf128ea65d5237139700245199ae6f21bc084cdd03e2c78  js/strings.js
e2467535cdc45bb8b209651746f3b8e8a2904bd72fba5530fb2961f2912e01e2  js/i18n.js
c37dcb8e0c2d4f5f0047536f34ba93064b44ceb8b8f7d4fc7292949bad65d23c  js/form.js
241f4c0067d3f76d1514a334a491439e3ba1d69e8d57da9d70ba1bf2aea56917  js/shell.js
c4f4f46ccb7dd528422fe1692c1a45500c7da9153409d8bd0d2a6ef50783776f  tools/drift.py
9a87d39f0acc7128c9e2666dc7cca9ba2cd341720b408e23f53deaec2e821ef2  tools/tokens.py
fb13ba10aa725260c2e77d54126210901201aae045f5fa178352a53b14fa988b  tools/smoke.py
2fe1f5ba60730741f62e0b7f690b4de8d7c340402c7a7391f9685ce204e510e9  tools/fonts.py
683e5da54d663d5a442f1d2ee381ce37f9454a7798475b90a2af099121ab3805  .github/workflows/pages.yml
